// !$*UTF8*$!
{
	archiveVersion = 1;
	classes = {
	};
	objectVersion = 46;
	objects = {

/* Begin PBXBuildFile section */
		0167975C14CC3306001979E6 /* icon.png in Resources */ = {isa = PBXBuildFile; fileRef = 0167975B14CC3306001979E6 /* icon.png */; };
		0167975E14CC3310001979E6 /* icon@2x.png in Resources */ = {isa = PBXBuildFile; fileRef = 0167975D14CC3310001979E6 /* icon@2x.png */; };
		0167976014CC331C001979E6 /* icon~ipad.png in Resources */ = {isa = PBXBuildFile; fileRef = 0167975F14CC331B001979E6 /* icon~ipad.png */; };
		016AFC0E14C8664400E5E340 /* AddInviteeView_iPhone.xib in Resources */ = {isa = PBXBuildFile; fileRef = 016AFC0C14C8664400E5E340 /* AddInviteeView_iPhone.xib */; };
		016AFC1114C86A8400E5E340 /* AddInviteeViewController.m in Sources */ = {isa = PBXBuildFile; fileRef = 016AFC1014C86A8400E5E340 /* AddInviteeViewController.m */; };
		016AFC1414C8743A00E5E340 /* AddressBook.framework in Frameworks */ = {isa = PBXBuildFile; fileRef = 016AFC1214C8743A00E5E340 /* AddressBook.framework */; };
		016AFC1514C8743A00E5E340 /* AddressBookUI.framework in Frameworks */ = {isa = PBXBuildFile; fileRef = 016AFC1314C8743A00E5E340 /* AddressBookUI.framework */; };
		01976B0714CC4C65000DCDCF /* CoreLocation.framework in Frameworks */ = {isa = PBXBuildFile; fileRef = 01976B0614CC4C65000DCDCF /* CoreLocation.framework */; };
		01A47CEC1490FAF8007E1DFC /* RegistrationViewController.m in Sources */ = {isa = PBXBuildFile; fileRef = 01A47CEA1490FAF8007E1DFC /* RegistrationViewController.m */; };
		01A47CF41490FC5A007E1DFC /* RegistrationView_iPad.xib in Resources */ = {isa = PBXBuildFile; fileRef = 01A47CF21490FC5A007E1DFC /* RegistrationView_iPad.xib */; };
		01A47CF71490FC90007E1DFC /* RegistrationView_iPhone.xib in Resources */ = {isa = PBXBuildFile; fileRef = 01A47CF51490FC90007E1DFC /* RegistrationView_iPhone.xib */; };
		01A47D0914911C36007E1DFC /* libStaticHessianKit.a in Frameworks */ = {isa = PBXBuildFile; fileRef = 01A47D0414911C1D007E1DFC /* libStaticHessianKit.a */; };
		01A47D1B14921832007E1DFC /* ServiceProxy.m in Sources */ = {isa = PBXBuildFile; fileRef = 01A47D1914920C56007E1DFC /* ServiceProxy.m */; };
		01A47D1D149219A7007E1DFC /* ServiceProtocols.m in Sources */ = {isa = PBXBuildFile; fileRef = 01A47D1C149219A7007E1DFC /* ServiceProtocols.m */; };
		01B814AA14C0787100D323A6 /* CreateAppointmentView_iPhone.xib in Resources */ = {isa = PBXBuildFile; fileRef = 01B814A814C0787100D323A6 /* CreateAppointmentView_iPhone.xib */; };
		01B814AC14C07A0300D323A6 /* AppointmentListViewController.m in Sources */ = {isa = PBXBuildFile; fileRef = 01B814AB14C07A0300D323A6 /* AppointmentListViewController.m */; };
		01B814AF14C07C4C00D323A6 /* CreateAppointmentViewController.m in Sources */ = {isa = PBXBuildFile; fileRef = 01B814AE14C07C4C00D323A6 /* CreateAppointmentViewController.m */; };
		01CB975D14CD5AAF00D593CE /* Settings.bundle in Resources */ = {isa = PBXBuildFile; fileRef = 01CB975C14CD5AAF00D593CE /* Settings.bundle */; };
		01CE307C1490F05F00548992 /* UIKit.framework in Frameworks */ = {isa = PBXBuildFile; fileRef = 01CE307B1490F05F00548992 /* UIKit.framework */; };
		01CE307E1490F05F00548992 /* Foundation.framework in Frameworks */ = {isa = PBXBuildFile; fileRef = 01CE307D1490F05F00548992 /* Foundation.framework */; };
		01CE30801490F05F00548992 /* CoreGraphics.framework in Frameworks */ = {isa = PBXBuildFile; fileRef = 01CE307F1490F05F00548992 /* CoreGraphics.framework */; };
		01CE30861490F05F00548992 /* InfoPlist.strings in Resources */ = {isa = PBXBuildFile; fileRef = 01CE30841490F05F00548992 /* InfoPlist.strings */; };
		01CE30881490F05F00548992 /* main.m in Sources */ = {isa = PBXBuildFile; fileRef = 01CE30871490F05F00548992 /* main.m */; };
		01CE308C1490F05F00548992 /* AppDelegate.m in Sources */ = {isa = PBXBuildFile; fileRef = 01CE308B1490F05F00548992 /* AppDelegate.m */; };
		01F3E58A14A38823005813E4 /* RootView_iPad.xib in Resources */ = {isa = PBXBuildFile; fileRef = 01F3E58814A38823005813E4 /* RootView_iPad.xib */; };
		01F3E58D14A38861005813E4 /* RootView_iPhone.xib in Resources */ = {isa = PBXBuildFile; fileRef = 01F3E58B14A38861005813E4 /* RootView_iPhone.xib */; };
		B040D1C414D023750080C3D0 /* AppointmentDetailView_iPhone.xib in Resources */ = {isa = PBXBuildFile; fileRef = B040D1C214D023750080C3D0 /* AppointmentDetailView_iPhone.xib */; };
		B040D1C714D025550080C3D0 /* AppointmentDetailViewController.m in Sources */ = {isa = PBXBuildFile; fileRef = B040D1C614D025550080C3D0 /* AppointmentDetailViewController.m */; };
		B092F82714D190DC003F65D3 /* AppointmentDetailView_iPad.xib in Resources */ = {isa = PBXBuildFile; fileRef = B092F82614D190DC003F65D3 /* AppointmentDetailView_iPad.xib */; };
/* End PBXBuildFile section */

/* Begin PBXContainerItemProxy section */
		01A47D0314911C1D007E1DFC /* PBXContainerItemProxy */ = {
			isa = PBXContainerItemProxy;
			containerPortal = 01A47CF814911C1D007E1DFC /* HessianKit.xcodeproj */;
			proxyType = 2;
			remoteGlobalIDString = A6CE14CA0FE01620009CD7AA;
			remoteInfo = StaticHessianKit;
		};
		01A47D0514911C1D007E1DFC /* PBXContainerItemProxy */ = {
			isa = PBXContainerItemProxy;
			containerPortal = 01A47CF814911C1D007E1DFC /* HessianKit.xcodeproj */;
			proxyType = 2;
			remoteGlobalIDString = A6CE15AF0FE01E7C009CD7AA;
			remoteInfo = iPhoneTests;
		};
		01A47D0714911C1D007E1DFC /* PBXContainerItemProxy */ = {
			isa = PBXContainerItemProxy;
			containerPortal = 01A47CF814911C1D007E1DFC /* HessianKit.xcodeproj */;
			proxyType = 2;
			remoteGlobalIDString = A6CE15BA0FE01ED1009CD7AA;
			remoteInfo = MacTests;
		};
		01A47D0A14911C41007E1DFC /* PBXContainerItemProxy */ = {
			isa = PBXContainerItemProxy;
			containerPortal = 01A47CF814911C1D007E1DFC /* HessianKit.xcodeproj */;
			proxyType = 1;
			remoteGlobalIDString = A6CE14C90FE01620009CD7AA;
			remoteInfo = StaticHessianKit;
		};
/* End PBXContainerItemProxy section */

/* Begin PBXFileReference section */
		0167975B14CC3306001979E6 /* icon.png */ = {isa = PBXFileReference; lastKnownFileType = image.png; path = icon.png; sourceTree = "<group>"; };
		0167975D14CC3310001979E6 /* icon@2x.png */ = {isa = PBXFileReference; lastKnownFileType = image.png; path = "icon@2x.png"; sourceTree = "<group>"; };
		0167975F14CC331B001979E6 /* icon~ipad.png */ = {isa = PBXFileReference; lastKnownFileType = image.png; path = "icon~ipad.png"; sourceTree = "<group>"; };
		016AFC0D14C8664400E5E340 /* en */ = {isa = PBXFileReference; lastKnownFileType = file.xib; name = en; path = en.lproj/AddInviteeView_iPhone.xib; sourceTree = "<group>"; };
		016AFC0F14C86A8400E5E340 /* AddInviteeViewController.h */ = {isa = PBXFileReference; fileEncoding = 4; lastKnownFileType = sourcecode.c.h; path = AddInviteeViewController.h; sourceTree = "<group>"; };
		016AFC1014C86A8400E5E340 /* AddInviteeViewController.m */ = {isa = PBXFileReference; fileEncoding = 4; lastKnownFileType = sourcecode.c.objc; path = AddInviteeViewController.m; sourceTree = "<group>"; };
		016AFC1214C8743A00E5E340 /* AddressBook.framework */ = {isa = PBXFileReference; lastKnownFileType = wrapper.framework; name = AddressBook.framework; path = System/Library/Frameworks/AddressBook.framework; sourceTree = SDKROOT; };
		016AFC1314C8743A00E5E340 /* AddressBookUI.framework */ = {isa = PBXFileReference; lastKnownFileType = wrapper.framework; name = AddressBookUI.framework; path = System/Library/Frameworks/AddressBookUI.framework; sourceTree = SDKROOT; };
		01976B0614CC4C65000DCDCF /* CoreLocation.framework */ = {isa = PBXFileReference; lastKnownFileType = wrapper.framework; name = CoreLocation.framework; path = System/Library/Frameworks/CoreLocation.framework; sourceTree = SDKROOT; };
		01A47CE91490FAF8007E1DFC /* RegistrationViewController.h */ = {isa = PBXFileReference; fileEncoding = 4; lastKnownFileType = sourcecode.c.h; path = RegistrationViewController.h; sourceTree = "<group>"; };
		01A47CEA1490FAF8007E1DFC /* RegistrationViewController.m */ = {isa = PBXFileReference; fileEncoding = 4; lastKnownFileType = sourcecode.c.objc; path = RegistrationViewController.m; sourceTree = "<group>"; };
		01A47CF31490FC5A007E1DFC /* en */ = {isa = PBXFileReference; lastKnownFileType = file.xib; name = en; path = en.lproj/RegistrationView_iPad.xib; sourceTree = "<group>"; };
		01A47CF61490FC90007E1DFC /* en */ = {isa = PBXFileReference; lastKnownFileType = file.xib; name = en; path = en.lproj/RegistrationView_iPhone.xib; sourceTree = "<group>"; };
		01A47CF814911C1D007E1DFC /* HessianKit.xcodeproj */ = {isa = PBXFileReference; lastKnownFileType = "wrapper.pb-project"; name = HessianKit.xcodeproj; path = Libraries/HessianKit/HessianKit.xcodeproj; sourceTree = "<group>"; };
		01A47D0C14911E5D007E1DFC /* ServiceProtocols.h */ = {isa = PBXFileReference; fileEncoding = 4; lastKnownFileType = sourcecode.c.h; path = ServiceProtocols.h; sourceTree = "<group>"; };
		01A47D1814920C56007E1DFC /* ServiceProxy.h */ = {isa = PBXFileReference; fileEncoding = 4; lastKnownFileType = sourcecode.c.h; path = ServiceProxy.h; sourceTree = "<group>"; };
		01A47D1914920C56007E1DFC /* ServiceProxy.m */ = {isa = PBXFileReference; fileEncoding = 4; lastKnownFileType = sourcecode.c.objc; path = ServiceProxy.m; sourceTree = "<group>"; };
		01A47D1C149219A7007E1DFC /* ServiceProtocols.m */ = {isa = PBXFileReference; fileEncoding = 4; lastKnownFileType = sourcecode.c.objc; path = ServiceProtocols.m; sourceTree = "<group>"; };
		01B814A914C0787100D323A6 /* en */ = {isa = PBXFileReference; lastKnownFileType = file.xib; name = en; path = en.lproj/CreateAppointmentView_iPhone.xib; sourceTree = "<group>"; };
		01B814AB14C07A0300D323A6 /* AppointmentListViewController.m */ = {isa = PBXFileReference; fileEncoding = 4; lastKnownFileType = sourcecode.c.objc; path = AppointmentListViewController.m; sourceTree = "<group>"; };
		01B814AD14C07C4C00D323A6 /* CreateAppointmentViewController.h */ = {isa = PBXFileReference; fileEncoding = 4; lastKnownFileType = sourcecode.c.h; path = CreateAppointmentViewController.h; sourceTree = "<group>"; };
		01B814AE14C07C4C00D323A6 /* CreateAppointmentViewController.m */ = {isa = PBXFileReference; fileEncoding = 4; lastKnownFileType = sourcecode.c.objc; path = CreateAppointmentViewController.m; sourceTree = "<group>"; };
		01CB975C14CD5AAF00D593CE /* Settings.bundle */ = {isa = PBXFileReference; lastKnownFileType = "wrapper.plug-in"; name = Settings.bundle; path = ../Settings.bundle; sourceTree = "<group>"; };
		01CE30771490F05F00548992 /* Meet4Xmas.app */ = {isa = PBXFileReference; explicitFileType = wrapper.application; includeInIndex = 0; path = Meet4Xmas.app; sourceTree = BUILT_PRODUCTS_DIR; };
		01CE307B1490F05F00548992 /* UIKit.framework */ = {isa = PBXFileReference; lastKnownFileType = wrapper.framework; name = UIKit.framework; path = System/Library/Frameworks/UIKit.framework; sourceTree = SDKROOT; };
		01CE307D1490F05F00548992 /* Foundation.framework */ = {isa = PBXFileReference; lastKnownFileType = wrapper.framework; name = Foundation.framework; path = System/Library/Frameworks/Foundation.framework; sourceTree = SDKROOT; };
		01CE307F1490F05F00548992 /* CoreGraphics.framework */ = {isa = PBXFileReference; lastKnownFileType = wrapper.framework; name = CoreGraphics.framework; path = System/Library/Frameworks/CoreGraphics.framework; sourceTree = SDKROOT; };
		01CE30831490F05F00548992 /* Meet4Xmas-Info.plist */ = {isa = PBXFileReference; lastKnownFileType = text.plist.xml; path = "Meet4Xmas-Info.plist"; sourceTree = "<group>"; };
		01CE30851490F05F00548992 /* en */ = {isa = PBXFileReference; lastKnownFileType = text.plist.strings; name = en; path = en.lproj/InfoPlist.strings; sourceTree = "<group>"; };
		01CE30871490F05F00548992 /* main.m */ = {isa = PBXFileReference; lastKnownFileType = sourcecode.c.objc; path = main.m; sourceTree = "<group>"; };
		01CE30891490F05F00548992 /* Meet4Xmas-Prefix.pch */ = {isa = PBXFileReference; lastKnownFileType = sourcecode.c.h; path = "Meet4Xmas-Prefix.pch"; sourceTree = "<group>"; };
		01CE308A1490F05F00548992 /* AppDelegate.h */ = {isa = PBXFileReference; lastKnownFileType = sourcecode.c.h; path = AppDelegate.h; sourceTree = "<group>"; };
		01CE308B1490F05F00548992 /* AppDelegate.m */ = {isa = PBXFileReference; lastKnownFileType = sourcecode.c.objc; path = AppDelegate.m; sourceTree = "<group>"; };
		01CE308D1490F05F00548992 /* AppointmentListViewController.h */ = {isa = PBXFileReference; lastKnownFileType = sourcecode.c.h; path = AppointmentListViewController.h; sourceTree = "<group>"; };
		01F3E58914A38823005813E4 /* en */ = {isa = PBXFileReference; lastKnownFileType = file.xib; name = en; path = en.lproj/RootView_iPad.xib; sourceTree = "<group>"; };
		01F3E58C14A38861005813E4 /* en */ = {isa = PBXFileReference; lastKnownFileType = file.xib; name = en; path = en.lproj/RootView_iPhone.xib; sourceTree = "<group>"; };
		B040D1C314D023750080C3D0 /* en */ = {isa = PBXFileReference; lastKnownFileType = file.xib; name = en; path = en.lproj/AppointmentDetailView_iPhone.xib; sourceTree = "<group>"; };
		B040D1C514D025550080C3D0 /* AppointmentDetailViewController.h */ = {isa = PBXFileReference; fileEncoding = 4; lastKnownFileType = sourcecode.c.h; path = AppointmentDetailViewController.h; sourceTree = "<group>"; };
		B040D1C614D025550080C3D0 /* AppointmentDetailViewController.m */ = {isa = PBXFileReference; fileEncoding = 4; lastKnownFileType = sourcecode.c.objc; path = AppointmentDetailViewController.m; sourceTree = "<group>"; };
		B092F82614D190DC003F65D3 /* AppointmentDetailView_iPad.xib */ = {isa = PBXFileReference; fileEncoding = 4; lastKnownFileType = file.xib; path = AppointmentDetailView_iPad.xib; sourceTree = "<group>"; };
/* End PBXFileReference section */

/* Begin PBXFrameworksBuildPhase section */
		01CE30741490F05F00548992 /* Frameworks */ = {
			isa = PBXFrameworksBuildPhase;
			buildActionMask = 2147483647;
			files = (
				01976B0714CC4C65000DCDCF /* CoreLocation.framework in Frameworks */,
				016AFC1414C8743A00E5E340 /* AddressBook.framework in Frameworks */,
				016AFC1514C8743A00E5E340 /* AddressBookUI.framework in Frameworks */,
				01A47D0914911C36007E1DFC /* libStaticHessianKit.a in Frameworks */,
				01CE307C1490F05F00548992 /* UIKit.framework in Frameworks */,
				01CE307E1490F05F00548992 /* Foundation.framework in Frameworks */,
				01CE30801490F05F00548992 /* CoreGraphics.framework in Frameworks */,
			);
			runOnlyForDeploymentPostprocessing = 0;
		};
/* End PBXFrameworksBuildPhase section */

/* Begin PBXGroup section */
		01A47CE81490F4CF007E1DFC /* Controllers */ = {
			isa = PBXGroup;
			children = (
				01A47CE91490FAF8007E1DFC /* RegistrationViewController.h */,
				01A47CEA1490FAF8007E1DFC /* RegistrationViewController.m */,
				01CE308D1490F05F00548992 /* AppointmentListViewController.h */,
				01B814AB14C07A0300D323A6 /* AppointmentListViewController.m */,
				B040D1C514D025550080C3D0 /* AppointmentDetailViewController.h */,
				B040D1C614D025550080C3D0 /* AppointmentDetailViewController.m */,
				01B814AD14C07C4C00D323A6 /* CreateAppointmentViewController.h */,
				01B814AE14C07C4C00D323A6 /* CreateAppointmentViewController.m */,
				016AFC0F14C86A8400E5E340 /* AddInviteeViewController.h */,
				016AFC1014C86A8400E5E340 /* AddInviteeViewController.m */,
			);
			name = Controllers;
			sourceTree = "<group>";
		};
		01A47CF914911C1D007E1DFC /* Products */ = {
			isa = PBXGroup;
			children = (
				01A47D0414911C1D007E1DFC /* libStaticHessianKit.a */,
				01A47D0614911C1D007E1DFC /* iPhoneTests.octest */,
				01A47D0814911C1D007E1DFC /* MacTests.octest */,
			);
			name = Products;
			sourceTree = "<group>";
		};
		01A47D1714920C1B007E1DFC /* Service Connection */ = {
			isa = PBXGroup;
			children = (
				01A47D0C14911E5D007E1DFC /* ServiceProtocols.h */,
				01A47D1C149219A7007E1DFC /* ServiceProtocols.m */,
				01A47D1814920C56007E1DFC /* ServiceProxy.h */,
				01A47D1914920C56007E1DFC /* ServiceProxy.m */,
			);
			name = "Service Connection";
			sourceTree = "<group>";
		};
		01CE306C1490F05F00548992 = {
			isa = PBXGroup;
			children = (
				01A47CF814911C1D007E1DFC /* HessianKit.xcodeproj */,
				01CE30B31490F20100548992 /* User Interface */,
				01CE30B21490F1D800548992 /* Images */,
				01CE30B01490F18E00548992 /* Classes */,
				01CE30821490F05F00548992 /* Supporting Files */,
				01CE307A1490F05F00548992 /* Frameworks */,
				01CE30781490F05F00548992 /* Products */,
			);
			sourceTree = "<group>";
		};
		01CE30781490F05F00548992 /* Products */ = {
			isa = PBXGroup;
			children = (
				01CE30771490F05F00548992 /* Meet4Xmas.app */,
			);
			name = Products;
			sourceTree = "<group>";
		};
		01CE307A1490F05F00548992 /* Frameworks */ = {
			isa = PBXGroup;
			children = (
				01976B0614CC4C65000DCDCF /* CoreLocation.framework */,
				016AFC1214C8743A00E5E340 /* AddressBook.framework */,
				016AFC1314C8743A00E5E340 /* AddressBookUI.framework */,
				01CE307B1490F05F00548992 /* UIKit.framework */,
				01CE307D1490F05F00548992 /* Foundation.framework */,
				01CE307F1490F05F00548992 /* CoreGraphics.framework */,
			);
			name = Frameworks;
			sourceTree = "<group>";
		};
		01CE30821490F05F00548992 /* Supporting Files */ = {
			isa = PBXGroup;
			children = (
				01CB975C14CD5AAF00D593CE /* Settings.bundle */,
				01CE30831490F05F00548992 /* Meet4Xmas-Info.plist */,
				01CE30871490F05F00548992 /* main.m */,
				01CE30891490F05F00548992 /* Meet4Xmas-Prefix.pch */,
			);
			path = "Supporting Files";
			sourceTree = "<group>";
		};
		01CE30B01490F18E00548992 /* Classes */ = {
			isa = PBXGroup;
			children = (
				01A47D1714920C1B007E1DFC /* Service Connection */,
				01A47CE81490F4CF007E1DFC /* Controllers */,
				01CE308A1490F05F00548992 /* AppDelegate.h */,
				01CE308B1490F05F00548992 /* AppDelegate.m */,
			);
			path = Classes;
			sourceTree = "<group>";
		};
		01CE30B21490F1D800548992 /* Images */ = {
			isa = PBXGroup;
			children = (
				0167975F14CC331B001979E6 /* icon~ipad.png */,
				0167975D14CC3310001979E6 /* icon@2x.png */,
				0167975B14CC3306001979E6 /* icon.png */,
			);
			path = Images;
			sourceTree = "<group>";
		};
		01CE30B31490F20100548992 /* User Interface */ = {
			isa = PBXGroup;
			children = (
				01A47CF21490FC5A007E1DFC /* RegistrationView_iPad.xib */,
				01A47CF51490FC90007E1DFC /* RegistrationView_iPhone.xib */,
				01CE30841490F05F00548992 /* InfoPlist.strings */,
				01F3E58814A38823005813E4 /* RootView_iPad.xib */,
				01F3E58B14A38861005813E4 /* RootView_iPhone.xib */,
				01B814A814C0787100D323A6 /* CreateAppointmentView_iPhone.xib */,
				016AFC0C14C8664400E5E340 /* AddInviteeView_iPhone.xib */,
				B040D1C214D023750080C3D0 /* AppointmentDetailView_iPhone.xib */,
				B092F82614D190DC003F65D3 /* AppointmentDetailView_iPad.xib */,
			);
			path = "User Interface";
			sourceTree = "<group>";
		};
/* End PBXGroup section */

/* Begin PBXNativeTarget section */
		01CE30761490F05F00548992 /* Meet4Xmas */ = {
			isa = PBXNativeTarget;
			buildConfigurationList = 01CE30A91490F05F00548992 /* Build configuration list for PBXNativeTarget "Meet4Xmas" */;
			buildPhases = (
				01CE30731490F05F00548992 /* Sources */,
				01CE30741490F05F00548992 /* Frameworks */,
				01CE30751490F05F00548992 /* Resources */,
			);
			buildRules = (
			);
			dependencies = (
				01A47D0B14911C41007E1DFC /* PBXTargetDependency */,
			);
			name = Meet4Xmas;
			productName = Meet4Xmas;
			productReference = 01CE30771490F05F00548992 /* Meet4Xmas.app */;
			productType = "com.apple.product-type.application";
		};
/* End PBXNativeTarget section */

/* Begin PBXProject section */
		01CE306E1490F05F00548992 /* Project object */ = {
			isa = PBXProject;
			attributes = {
				LastUpgradeCheck = 0420;
				ORGANIZATIONNAME = HPI;
			};
			buildConfigurationList = 01CE30711490F05F00548992 /* Build configuration list for PBXProject "Meet4Xmas" */;
			compatibilityVersion = "Xcode 3.2";
			developmentRegion = English;
			hasScannedForEncodings = 0;
			knownRegions = (
				en,
			);
			mainGroup = 01CE306C1490F05F00548992;
			productRefGroup = 01CE30781490F05F00548992 /* Products */;
			projectDirPath = "";
			projectReferences = (
				{
					ProductGroup = 01A47CF914911C1D007E1DFC /* Products */;
					ProjectRef = 01A47CF814911C1D007E1DFC /* HessianKit.xcodeproj */;
				},
			);
			projectRoot = "";
			targets = (
				01CE30761490F05F00548992 /* Meet4Xmas */,
			);
		};
/* End PBXProject section */

/* Begin PBXReferenceProxy section */
		01A47D0414911C1D007E1DFC /* libStaticHessianKit.a */ = {
			isa = PBXReferenceProxy;
			fileType = archive.ar;
			path = libStaticHessianKit.a;
			remoteRef = 01A47D0314911C1D007E1DFC /* PBXContainerItemProxy */;
			sourceTree = BUILT_PRODUCTS_DIR;
		};
		01A47D0614911C1D007E1DFC /* iPhoneTests.octest */ = {
			isa = PBXReferenceProxy;
			fileType = wrapper.cfbundle;
			path = iPhoneTests.octest;
			remoteRef = 01A47D0514911C1D007E1DFC /* PBXContainerItemProxy */;
			sourceTree = BUILT_PRODUCTS_DIR;
		};
		01A47D0814911C1D007E1DFC /* MacTests.octest */ = {
			isa = PBXReferenceProxy;
			fileType = wrapper.cfbundle;
			path = MacTests.octest;
			remoteRef = 01A47D0714911C1D007E1DFC /* PBXContainerItemProxy */;
			sourceTree = BUILT_PRODUCTS_DIR;
		};
/* End PBXReferenceProxy section */

/* Begin PBXResourcesBuildPhase section */
		01CE30751490F05F00548992 /* Resources */ = {
			isa = PBXResourcesBuildPhase;
			buildActionMask = 2147483647;
			files = (
				01CE30861490F05F00548992 /* InfoPlist.strings in Resources */,
				01A47CF41490FC5A007E1DFC /* RegistrationView_iPad.xib in Resources */,
				01A47CF71490FC90007E1DFC /* RegistrationView_iPhone.xib in Resources */,
				01F3E58A14A38823005813E4 /* RootView_iPad.xib in Resources */,
				01F3E58D14A38861005813E4 /* RootView_iPhone.xib in Resources */,
				01B814AA14C0787100D323A6 /* CreateAppointmentView_iPhone.xib in Resources */,
				016AFC0E14C8664400E5E340 /* AddInviteeView_iPhone.xib in Resources */,
				0167975C14CC3306001979E6 /* icon.png in Resources */,
				0167975E14CC3310001979E6 /* icon@2x.png in Resources */,
				0167976014CC331C001979E6 /* icon~ipad.png in Resources */,
				01CB975D14CD5AAF00D593CE /* Settings.bundle in Resources */,
				B040D1C414D023750080C3D0 /* AppointmentDetailView_iPhone.xib in Resources */,
				B092F82714D190DC003F65D3 /* AppointmentDetailView_iPad.xib in Resources */,
			);
			runOnlyForDeploymentPostprocessing = 0;
		};
/* End PBXResourcesBuildPhase section */

/* Begin PBXSourcesBuildPhase section */
		01CE30731490F05F00548992 /* Sources */ = {
			isa = PBXSourcesBuildPhase;
			buildActionMask = 2147483647;
			files = (
				01A47D1B14921832007E1DFC /* ServiceProxy.m in Sources */,
				01CE30881490F05F00548992 /* main.m in Sources */,
				01CE308C1490F05F00548992 /* AppDelegate.m in Sources */,
				01A47CEC1490FAF8007E1DFC /* RegistrationViewController.m in Sources */,
				01A47D1D149219A7007E1DFC /* ServiceProtocols.m in Sources */,
				01B814AC14C07A0300D323A6 /* AppointmentListViewController.m in Sources */,
				01B814AF14C07C4C00D323A6 /* CreateAppointmentViewController.m in Sources */,
				016AFC1114C86A8400E5E340 /* AddInviteeViewController.m in Sources */,
				B040D1C714D025550080C3D0 /* AppointmentDetailViewController.m in Sources */,
			);
			runOnlyForDeploymentPostprocessing = 0;
		};
/* End PBXSourcesBuildPhase section */

/* Begin PBXTargetDependency section */
		01A47D0B14911C41007E1DFC /* PBXTargetDependency */ = {
			isa = PBXTargetDependency;
			name = StaticHessianKit;
			targetProxy = 01A47D0A14911C41007E1DFC /* PBXContainerItemProxy */;
		};
/* End PBXTargetDependency section */

/* Begin PBXVariantGroup section */
		016AFC0C14C8664400E5E340 /* AddInviteeView_iPhone.xib */ = {
			isa = PBXVariantGroup;
			children = (
				016AFC0D14C8664400E5E340 /* en */,
			);
			name = AddInviteeView_iPhone.xib;
			sourceTree = "<group>";
		};
		01A47CF21490FC5A007E1DFC /* RegistrationView_iPad.xib */ = {
			isa = PBXVariantGroup;
			children = (
				01A47CF31490FC5A007E1DFC /* en */,
			);
			name = RegistrationView_iPad.xib;
			sourceTree = "<group>";
		};
		01A47CF51490FC90007E1DFC /* RegistrationView_iPhone.xib */ = {
			isa = PBXVariantGroup;
			children = (
				01A47CF61490FC90007E1DFC /* en */,
			);
			name = RegistrationView_iPhone.xib;
			sourceTree = "<group>";
		};
		01B814A814C0787100D323A6 /* CreateAppointmentView_iPhone.xib */ = {
			isa = PBXVariantGroup;
			children = (
				01B814A914C0787100D323A6 /* en */,
			);
			name = CreateAppointmentView_iPhone.xib;
			sourceTree = "<group>";
		};
		01CE30841490F05F00548992 /* InfoPlist.strings */ = {
			isa = PBXVariantGroup;
			children = (
				01CE30851490F05F00548992 /* en */,
			);
			name = InfoPlist.strings;
			path = "../Supporting Files";
			sourceTree = "<group>";
		};
		01F3E58814A38823005813E4 /* RootView_iPad.xib */ = {
			isa = PBXVariantGroup;
			children = (
				01F3E58914A38823005813E4 /* en */,
			);
			name = RootView_iPad.xib;
			sourceTree = "<group>";
		};
		01F3E58B14A38861005813E4 /* RootView_iPhone.xib */ = {
			isa = PBXVariantGroup;
			children = (
				01F3E58C14A38861005813E4 /* en */,
			);
			name = RootView_iPhone.xib;
			sourceTree = "<group>";
		};
		B040D1C214D023750080C3D0 /* AppointmentDetailView_iPhone.xib */ = {
			isa = PBXVariantGroup;
			children = (
				B040D1C314D023750080C3D0 /* en */,
			);
			name = AppointmentDetailView_iPhone.xib;
			sourceTree = "<group>";
		};
/* End PBXVariantGroup section */

/* Begin XCBuildConfiguration section */
		01CE30A71490F05F00548992 /* Debug */ = {
			isa = XCBuildConfiguration;
			buildSettings = {
				ALWAYS_SEARCH_USER_PATHS = NO;
				ARCHS = "$(ARCHS_STANDARD_32_BIT)";
				CLANG_ENABLE_OBJC_ARC = YES;
				"CODE_SIGN_IDENTITY[sdk=iphoneos*]" = "iPhone Developer";
				COPY_PHASE_STRIP = NO;
				GCC_C_LANGUAGE_STANDARD = gnu99;
				GCC_DYNAMIC_NO_PIC = NO;
				GCC_OPTIMIZATION_LEVEL = 0;
				GCC_PREPROCESSOR_DEFINITIONS = (
					"DEBUG=1",
					"$(inherited)",
				);
				GCC_SYMBOLS_PRIVATE_EXTERN = NO;
				GCC_VERSION = com.apple.compilers.llvm.clang.1_0;
				GCC_WARN_ABOUT_MISSING_PROTOTYPES = YES;
				GCC_WARN_ABOUT_RETURN_TYPE = YES;
				GCC_WARN_UNUSED_VARIABLE = YES;
				IPHONEOS_DEPLOYMENT_TARGET = 5.0;
				SDKROOT = iphoneos;
				TARGETED_DEVICE_FAMILY = "1,2";
			};
			name = Debug;
		};
		01CE30A81490F05F00548992 /* Release */ = {
			isa = XCBuildConfiguration;
			buildSettings = {
				ALWAYS_SEARCH_USER_PATHS = NO;
				ARCHS = "$(ARCHS_STANDARD_32_BIT)";
				CLANG_ENABLE_OBJC_ARC = YES;
				"CODE_SIGN_IDENTITY[sdk=iphoneos*]" = "iPhone Developer";
				COPY_PHASE_STRIP = YES;
				GCC_C_LANGUAGE_STANDARD = gnu99;
				GCC_VERSION = com.apple.compilers.llvm.clang.1_0;
				GCC_WARN_ABOUT_MISSING_PROTOTYPES = YES;
				GCC_WARN_ABOUT_RETURN_TYPE = YES;
				GCC_WARN_UNUSED_VARIABLE = YES;
				IPHONEOS_DEPLOYMENT_TARGET = 5.0;
				OTHER_CFLAGS = "-DNS_BLOCK_ASSERTIONS=1";
				SDKROOT = iphoneos;
				TARGETED_DEVICE_FAMILY = "1,2";
				VALIDATE_PRODUCT = YES;
			};
			name = Release;
		};
		01CE30AA1490F05F00548992 /* Debug */ = {
			isa = XCBuildConfiguration;
			buildSettings = {
				GCC_PRECOMPILE_PREFIX_HEADER = YES;
				GCC_PREFIX_HEADER = "Supporting Files/Meet4Xmas-Prefix.pch";
				INFOPLIST_FILE = "Supporting Files/Meet4Xmas-Info.plist";
				OTHER_LDFLAGS = "-ObjC";
				PRODUCT_NAME = "$(TARGET_NAME)";
				USER_HEADER_SEARCH_PATHS = Libraries/HessianKit/HessianClasses;
				WRAPPER_EXTENSION = app;
			};
			name = Debug;
		};
		01CE30AB1490F05F00548992 /* Release */ = {
			isa = XCBuildConfiguration;
			buildSettings = {
				GCC_PRECOMPILE_PREFIX_HEADER = YES;
				GCC_PREFIX_HEADER = "Supporting Files/Meet4Xmas-Prefix.pch";
				INFOPLIST_FILE = "Supporting Files/Meet4Xmas-Info.plist";
				OTHER_LDFLAGS = "-ObjC";
				PRODUCT_NAME = "$(TARGET_NAME)";
				USER_HEADER_SEARCH_PATHS = Libraries/HessianKit/HessianClasses;
				WRAPPER_EXTENSION = app;
			};
			name = Release;
		};
/* End XCBuildConfiguration section */

/* Begin XCConfigurationList section */
		01CE30711490F05F00548992 /* Build configuration list for PBXProject "Meet4Xmas" */ = {
			isa = XCConfigurationList;
			buildConfigurations = (
				01CE30A71490F05F00548992 /* Debug */,
				01CE30A81490F05F00548992 /* Release */,
			);
			defaultConfigurationIsVisible = 0;
			defaultConfigurationName = Release;
		};
		01CE30A91490F05F00548992 /* Build configuration list for PBXNativeTarget "Meet4Xmas" */ = {
			isa = XCConfigurationList;
			buildConfigurations = (
				01CE30AA1490F05F00548992 /* Debug */,
				01CE30AB1490F05F00548992 /* Release */,
			);
			defaultConfigurationIsVisible = 0;
			defaultConfigurationName = Release;
		};
/* End XCConfigurationList section */
	};
	rootObject = 01CE306E1490F05F00548992 /* Project object */;
}
